
Microsoft Visual Studio Solution File, Format Version 12.00
# Visual Studio Version 16
VisualStudioVersion = 16.0.29318.209
MinimumVisualStudioVersion = 10.0.40219.1
Project("{2150E333-8FDC-42A3-9474-1A3956D46DE8}") = "其他文件", "其他文件", "{F10EA956-8925-4FA7-8DCB-3517835E7FB2}"
	ProjectSection(SolutionItems) = preProject
		.gitattributes = .gitattributes
		.gitignore = .gitignore
		README.md = README.md
	EndProjectSection
EndProject
Project("{9A19103F-16F7-4668-BE54-9A1E7A4F7556}") = "ClassifyFiles", "ClassifyFiles\ClassifyFiles.csproj", "{9160C78F-D80C-4037-B515-2CC74EECDA91}"
EndProject
Project("{9A19103F-16F7-4668-BE54-9A1E7A4F7556}") = "ClassifyFiles.WPFCore", "ClassifyFiles.WPFCore\ClassifyFiles.WPFCore.csproj", "{81B053E2-6B8E-4130-9E5D-7E4D64B59165}"
EndProject
Project("{9A19103F-16F7-4668-BE54-9A1E7A4F7556}") = "ClassifyFiles.Test", "ClassifyFiles.Test\ClassifyFiles.Test.csproj", "{86A86FAA-37D8-41AC-B416-C2EE69956D7E}"
EndProject
Global
	GlobalSection(SolutionConfigurationPlatforms) = preSolution
		Debug|Any CPU = Debug|Any CPU
		Debug|x64 = Debug|x64
		Release|Any CPU = Release|Any CPU
		Release|x64 = Release|x64
	EndGlobalSection
	GlobalSection(ProjectConfigurationPlatforms) = postSolution
		{9160C78F-D80C-4037-B515-2CC74EECDA91}.Debug|Any CPU.ActiveCfg = Debug|Any CPU
		{9160C78F-D80C-4037-B515-2CC74EECDA91}.Debug|Any CPU.Build.0 = Debug|Any CPU
		{9160C78F-D80C-4037-B515-2CC74EECDA91}.Debug|x64.ActiveCfg = Debug|Any CPU
		{9160C78F-D80C-4037-B515-2CC74EECDA91}.Debug|x64.Build.0 = Debug|Any CPU
		{9160C78F-D80C-4037-B515-2CC74EECDA91}.Release|Any CPU.ActiveCfg = Release|Any CPU
		{9160C78F-D80C-4037-B515-2CC74EECDA91}.Release|Any CPU.Build.0 = Release|Any CPU
		{9160C78F-D80C-4037-B515-2CC74EECDA91}.Release|x64.ActiveCfg = Release|Any CPU
		{9160C78F-D80C-4037-B515-2CC74EECDA91}.Release|x64.Build.0 = Release|Any CPU
		{81B053E2-6B8E-4130-9E5D-7E4D64B59165}.Debug|Any CPU.ActiveCfg = Debug|Any CPU
		{81B053E2-6B8E-4130-9E5D-7E4D64B59165}.Debug|Any CPU.Build.0 = Debug|Any CPU
		{81B053E2-6B8E-4130-9E5D-7E4D64B59165}.Debug|x64.ActiveCfg = Debug|Any CPU
		{81B053E2-6B8E-4130-9E5D-7E4D64B59165}.Debug|x64.Build.0 = Debug|Any CPU
		{81B053E2-6B8E-4130-9E5D-7E4D64B59165}.Release|Any CPU.ActiveCfg = Release|Any CPU
		{81B053E2-6B8E-4130-9E5D-7E4D64B59165}.Release|Any CPU.Build.0 = Release|Any CPU
		{81B053E2-6B8E-4130-9E5D-7E4D64B59165}.Release|x64.ActiveCfg = Release|Any CPU
		{81B053E2-6B8E-4130-9E5D-7E4D64B59165}.Release|x64.Build.0 = Release|Any CPU
		{86A86FAA-37D8-41AC-B416-C2EE69956D7E}.Debug|Any CPU.ActiveCfg = Debug|Any CPU
		{86A86FAA-37D8-41AC-B416-C2EE69956D7E}.Debug|Any CPU.Build.0 = Debug|Any CPU
		{86A86FAA-37D8-41AC-B416-C2EE69956D7E}.Debug|x64.ActiveCfg = Debug|Any CPU
		{86A86FAA-37D8-41AC-B416-C2EE69956D7E}.Debug|x64.Build.0 = Debug|Any CPU
		{86A86FAA-37D8-41AC-B416-C2EE69956D7E}.Release|Any CPU.ActiveCfg = Release|Any CPU
		{86A86FAA-37D8-41AC-B416-C2EE69956D7E}.Release|Any CPU.Build.0 = Release|Any CPU
		{86A86FAA-37D8-41AC-B416-C2EE69956D7E}.Release|x64.ActiveCfg = Release|Any CPU
		{86A86FAA-37D8-41AC-B416-C2EE69956D7E}.Release|x64.Build.0 = Release|Any CPU
	EndGlobalSection
	GlobalSection(SolutionProperties) = preSolution
		HideSolutionNode = FALSE
	EndGlobalSection
	GlobalSection(ExtensibilityGlobals) = postSolution
		SolutionGuid = {EF03DFCC-5AB0-4E9A-83AA-EB8E3F39B946}
	EndGlobalSection
EndGlobal
